
Microsoft Visual Studio Solution File, Format Version 12.00
# Visual Studio Version 17
VisualStudioVersion = 17.10.35122.118
MinimumVisualStudioVersion = 10.0.40219.1
Project("{FAE04EC0-301F-11D3-BF4B-00C04F79EFBC}") = "MyWeatherApp", "MyWeatherApp\MyWeatherApp.csproj", "{62088EE2-25DD-4876-8865-385FAFB6D1ED}"
EndProject
Global
	GlobalSection(SolutionConfigurationPlatforms) = preSolution
		Debug|Any CPU = Debug|Any CPU
		Release|Any CPU = Release|Any CPU
	EndGlobalSection
	GlobalSection(ProjectConfigurationPlatforms) = postSolution
		{62088EE2-25DD-4876-8865-385FAFB6D1ED}.Debug|Any CPU.ActiveCfg = Debug|Any CPU
		{62088EE2-25DD-4876-8865-385FAFB6D1ED}.Debug|Any CPU.Build.0 = Debug|Any CPU
		{62088EE2-25DD-4876-8865-385FAFB6D1ED}.Debug|Any CPU.Deploy.0 = Debug|Any CPU
		{62088EE2-25DD-4876-8865-385FAFB6D1ED}.Release|Any CPU.ActiveCfg = Release|Any CPU
		{62088EE2-25DD-4876-8865-385FAFB6D1ED}.Release|Any CPU.Build.0 = Release|Any CPU
		{62088EE2-25DD-4876-8865-385FAFB6D1ED}.Release|Any CPU.Deploy.0 = Release|Any CPU
	EndGlobalSection
	GlobalSection(SolutionProperties) = preSolution
		HideSolutionNode = FALSE
	EndGlobalSection
	GlobalSection(ExtensibilityGlobals) = postSolution
		SolutionGuid = {C17CE05A-C2D8-4C27-A304-3DC374D9F018}
	EndGlobalSection
EndGlobal
